// !$*UTF8*$!
{
	archiveVersion = 1;
	classes = {
	};
	objectVersion = 56;
	objects = {

/* Begin PBXBuildFile section */
		9135A91C2B8F02FC0015C858 /* Yams in Frameworks */ = {isa = PBXBuildFile; productRef = 9135A91B2B8F02FC0015C858 /* Yams */; };
		913F0B672B7B6262004CC1D3 /* main.swift in Sources */ = {isa = PBXBuildFile; fileRef = 913F0B662B7B6262004CC1D3 /* main.swift */; };
		918DC0562B7B643A00C55144 /* Workflow.swift in Sources */ = {isa = PBXBuildFile; fileRef = 918DC0552B7B643A00C55144 /* Workflow.swift */; };
		918DC0592B7B648100C55144 /* AlfredWorkflowScriptFilter in Frameworks */ = {isa = PBXBuildFile; productRef = 918DC0582B7B648100C55144 /* AlfredWorkflowScriptFilter */; };
		918DC05C2B7B64AE00C55144 /* Entrance.swift in Sources */ = {isa = PBXBuildFile; fileRef = 918DC05B2B7B64AE00C55144 /* Entrance.swift */; };
/* End PBXBuildFile section */

/* Begin PBXCopyFilesBuildPhase section */
		913F0B612B7B6262004CC1D3 /* CopyFiles */ = {
			isa = PBXCopyFilesBuildPhase;
			buildActionMask = 2147483647;
			dstPath = /usr/share/man/man1/;
			dstSubfolderSpec = 0;
			files = (
			);
			runOnlyForDeploymentPostprocessing = 1;
		};
/* End PBXCopyFilesBuildPhase section */

/* Begin PBXFileReference section */
		913F0B632B7B6262004CC1D3 /* AlfredOnePee */ = {isa = PBXFileReference; explicitFileType = "compiled.mach-o.executable"; includeInIndex = 0; path = AlfredOnePee; sourceTree = BUILT_PRODUCTS_DIR; };
		913F0B662B7B6262004CC1D3 /* main.swift */ = {isa = PBXFileReference; lastKnownFileType = sourcecode.swift; path = main.swift; sourceTree = "<group>"; };
		918DC0552B7B643A00C55144 /* Workflow.swift */ = {isa = PBXFileReference; lastKnownFileType = sourcecode.swift; path = Workflow.swift; sourceTree = "<group>"; };
		918DC05B2B7B64AE00C55144 /* Entrance.swift */ = {isa = PBXFileReference; lastKnownFileType = sourcecode.swift; path = Entrance.swift; sourceTree = "<group>"; };
/* End PBXFileReference section */

/* Begin PBXFrameworksBuildPhase section */
		913F0B602B7B6262004CC1D3 /* Frameworks */ = {
			isa = PBXFrameworksBuildPhase;
			buildActionMask = 2147483647;
			files = (
				9135A91C2B8F02FC0015C858 /* Yams in Frameworks */,
				918DC0592B7B648100C55144 /* AlfredWorkflowScriptFilter in Frameworks */,
			);
			runOnlyForDeploymentPostprocessing = 0;
		};
/* End PBXFrameworksBuildPhase section */

/* Begin PBXGroup section */
		913F0B5A2B7B6262004CC1D3 = {
			isa = PBXGroup;
			children = (
				913F0B652B7B6262004CC1D3 /* AlfredOnePee */,
				913F0B642B7B6262004CC1D3 /* Products */,
			);
			sourceTree = "<group>";
		};
		913F0B642B7B6262004CC1D3 /* Products */ = {
			isa = PBXGroup;
			children = (
				913F0B632B7B6262004CC1D3 /* AlfredOnePee */,
			);
			name = Products;
			sourceTree = "<group>";
		};
		913F0B652B7B6262004CC1D3 /* AlfredOnePee */ = {
			isa = PBXGroup;
			children = (
				918DC05A2B7B64A900C55144 /* Menus */,
				913F0B662B7B6262004CC1D3 /* main.swift */,
				918DC0552B7B643A00C55144 /* Workflow.swift */,
			);
			path = AlfredOnePee;
			sourceTree = "<group>";
		};
		918DC05A2B7B64A900C55144 /* Menus */ = {
			isa = PBXGroup;
			children = (
				918DC05B2B7B64AE00C55144 /* Entrance.swift */,
			);
			path = Menus;
			sourceTree = "<group>";
		};
/* End PBXGroup section */

/* Begin PBXNativeTarget section */
		913F0B622B7B6262004CC1D3 /* AlfredOnePee */ = {
			isa = PBXNativeTarget;
			buildConfigurationList = 913F0B6A2B7B6262004CC1D3 /* Build configuration list for PBXNativeTarget "AlfredOnePee" */;
			buildPhases = (
				913F0B5F2B7B6262004CC1D3 /* Sources */,
				913F0B602B7B6262004CC1D3 /* Frameworks */,
				913F0B612B7B6262004CC1D3 /* CopyFiles */,
			);
			buildRules = (
			);
			dependencies = (
			);
			name = AlfredOnePee;
			packageProductDependencies = (
				918DC0582B7B648100C55144 /* AlfredWorkflowScriptFilter */,
				9135A91B2B8F02FC0015C858 /* Yams */,
			);
			productName = AlfredOnePee;
			productReference = 913F0B632B7B6262004CC1D3 /* AlfredOnePee */;
			productType = "com.apple.product-type.tool";
		};
/* End PBXNativeTarget section */

/* Begin PBXProject section */
		913F0B5B2B7B6262004CC1D3 /* Project object */ = {
			isa = PBXProject;
			attributes = {
				BuildIndependentTargetsInParallel = 1;
				LastSwiftUpdateCheck = 1530;
				LastUpgradeCheck = 1530;
				TargetAttributes = {
					913F0B622B7B6262004CC1D3 = {
						CreatedOnToolsVersion = 15.3;
					};
				};
			};
			buildConfigurationList = 913F0B5E2B7B6262004CC1D3 /* Build configuration list for PBXProject "AlfredOnePee" */;
			compatibilityVersion = "Xcode 14.0";
			developmentRegion = en;
			hasScannedForEncodings = 0;
			knownRegions = (
				en,
				Base,
			);
			mainGroup = 913F0B5A2B7B6262004CC1D3;
			packageReferences = (
				918DC0572B7B648100C55144 /* XCRemoteSwiftPackageReference "AlfredWorkflowScriptFilter" */,
				9135A91A2B8F02FC0015C858 /* XCRemoteSwiftPackageReference "Yams" */,
			);
			productRefGroup = 913F0B642B7B6262004CC1D3 /* Products */;
			projectDirPath = "";
			projectRoot = "";
			targets = (
				913F0B622B7B6262004CC1D3 /* AlfredOnePee */,
			);
		};
/* End PBXProject section */

/* Begin PBXSourcesBuildPhase section */
		913F0B5F2B7B6262004CC1D3 /* Sources */ = {
			isa = PBXSourcesBuildPhase;
			buildActionMask = 2147483647;
			files = (
				918DC05C2B7B64AE00C55144 /* Entrance.swift in Sources */,
				918DC0562B7B643A00C55144 /* Workflow.swift in Sources */,
				913F0B672B7B6262004CC1D3 /* main.swift in Sources */,
			);
			runOnlyForDeploymentPostprocessing = 0;
		};
/* End PBXSourcesBuildPhase section */

/* Begin XCBuildConfiguration section */
		913F0B682B7B6262004CC1D3 /* Debug */ = {
			isa = XCBuildConfiguration;
			buildSettings = {
				ALWAYS_SEARCH_USER_PATHS = NO;
				ASSETCATALOG_COMPILER_GENERATE_SWIFT_ASSET_SYMBOL_EXTENSIONS = YES;
				CLANG_ANALYZER_NONNULL = YES;
				CLANG_ANALYZER_NUMBER_OBJECT_CONVERSION = YES_AGGRESSIVE;
				CLANG_CXX_LANGUAGE_STANDARD = "gnu++20";
				CLANG_ENABLE_MODULES = YES;
				CLANG_ENABLE_OBJC_ARC = YES;
				CLANG_ENABLE_OBJC_WEAK = YES;
				CLANG_WARN_BLOCK_CAPTURE_AUTORELEASING = YES;
				CLANG_WARN_BOOL_CONVERSION = YES;
				CLANG_WARN_COMMA = YES;
				CLANG_WARN_CONSTANT_CONVERSION = YES;
				CLANG_WARN_DEPRECATED_OBJC_IMPLEMENTATIONS = YES;
				CLANG_WARN_DIRECT_OBJC_ISA_USAGE = YES_ERROR;
				CLANG_WARN_DOCUMENTATION_COMMENTS = YES;
				CLANG_WARN_EMPTY_BODY = YES;
				CLANG_WARN_ENUM_CONVERSION = YES;
				CLANG_WARN_INFINITE_RECURSION = YES;
				CLANG_WARN_INT_CONVERSION = YES;
				CLANG_WARN_NON_LITERAL_NULL_CONVERSION = YES;
				CLANG_WARN_OBJC_IMPLICIT_RETAIN_SELF = YES;
				CLANG_WARN_OBJC_LITERAL_CONVERSION = YES;
				CLANG_WARN_OBJC_ROOT_CLASS = YES_ERROR;
				CLANG_WARN_QUOTED_INCLUDE_IN_FRAMEWORK_HEADER = YES;
				CLANG_WARN_RANGE_LOOP_ANALYSIS = YES;
				CLANG_WARN_STRICT_PROTOTYPES = YES;
				CLANG_WARN_SUSPICIOUS_MOVE = YES;
				CLANG_WARN_UNGUARDED_AVAILABILITY = YES_AGGRESSIVE;
				CLANG_WARN_UNREACHABLE_CODE = YES;
				CLANG_WARN__DUPLICATE_METHOD_MATCH = YES;
				COPY_PHASE_STRIP = NO;
				DEBUG_INFORMATION_FORMAT = dwarf;
				ENABLE_STRICT_OBJC_MSGSEND = YES;
				ENABLE_TESTABILITY = YES;
				ENABLE_USER_SCRIPT_SANDBOXING = YES;
				GCC_C_LANGUAGE_STANDARD = gnu17;
				GCC_DYNAMIC_NO_PIC = NO;
				GCC_NO_COMMON_BLOCKS = YES;
				GCC_OPTIMIZATION_LEVEL = 0;
				GCC_PREPROCESSOR_DEFINITIONS = (
					"DEBUG=1",
					"$(inherited)",
				);
				GCC_WARN_64_TO_32_BIT_CONVERSION = YES;
				GCC_WARN_ABOUT_RETURN_TYPE = YES_ERROR;
				GCC_WARN_UNDECLARED_SELECTOR = YES;
				GCC_WARN_UNINITIALIZED_AUTOS = YES_AGGRESSIVE;
				GCC_WARN_UNUSED_FUNCTION = YES;
				GCC_WARN_UNUSED_VARIABLE = YES;
				LOCALIZATION_PREFERS_STRING_CATALOGS = YES;
				MACOSX_DEPLOYMENT_TARGET = 14.0;
				MTL_ENABLE_DEBUG_INFO = INCLUDE_SOURCE;
				MTL_FAST_MATH = YES;
				ONLY_ACTIVE_ARCH = YES;
				SDKROOT = macosx;
				SWIFT_ACTIVE_COMPILATION_CONDITIONS = "DEBUG $(inherited)";
				SWIFT_OPTIMIZATION_LEVEL = "-Onone";
			};
			name = Debug;
		};
		913F0B692B7B6262004CC1D3 /* Release */ = {
			isa = XCBuildConfiguration;
			buildSettings = {
				ALWAYS_SEARCH_USER_PATHS = NO;
				ASSETCATALOG_COMPILER_GENERATE_SWIFT_ASSET_SYMBOL_EXTENSIONS = YES;
				CLANG_ANALYZER_NONNULL = YES;
				CLANG_ANALYZER_NUMBER_OBJECT_CONVERSION = YES_AGGRESSIVE;
				CLANG_CXX_LANGUAGE_STANDARD = "gnu++20";
				CLANG_ENABLE_MODULES = YES;
				CLANG_ENABLE_OBJC_ARC = YES;
				CLANG_ENABLE_OBJC_WEAK = YES;
				CLANG_WARN_BLOCK_CAPTURE_AUTORELEASING = YES;
				CLANG_WARN_BOOL_CONVERSION = YES;
				CLANG_WARN_COMMA = YES;
				CLANG_WARN_CONSTANT_CONVERSION = YES;
				CLANG_WARN_DEPRECATED_OBJC_IMPLEMENTATIONS = YES;
				CLANG_WARN_DIRECT_OBJC_ISA_USAGE = YES_ERROR;
				CLANG_WARN_DOCUMENTATION_COMMENTS = YES;
				CLANG_WARN_EMPTY_BODY = YES;
				CLANG_WARN_ENUM_CONVERSION = YES;
				CLANG_WARN_INFINITE_RECURSION = YES;
				CLANG_WARN_INT_CONVERSION = YES;
				CLANG_WARN_NON_LITERAL_NULL_CONVERSION = YES;
				CLANG_WARN_OBJC_IMPLICIT_RETAIN_SELF = YES;
				CLANG_WARN_OBJC_LITERAL_CONVERSION = YES;
				CLANG_WARN_OBJC_ROOT_CLASS = YES_ERROR;
				CLANG_WARN_QUOTED_INCLUDE_IN_FRAMEWORK_HEADER = YES;
				CLANG_WARN_RANGE_LOOP_ANALYSIS = YES;
				CLANG_WARN_STRICT_PROTOTYPES = YES;
				CLANG_WARN_SUSPICIOUS_MOVE = YES;
				CLANG_WARN_UNGUARDED_AVAILABILITY = YES_AGGRESSIVE;
				CLANG_WARN_UNREACHABLE_CODE = YES;
				CLANG_WARN__DUPLICATE_METHOD_MATCH = YES;
				COPY_PHASE_STRIP = NO;
				DEBUG_INFORMATION_FORMAT = "dwarf-with-dsym";
				ENABLE_NS_ASSERTIONS = NO;
				ENABLE_STRICT_OBJC_MSGSEND = YES;
				ENABLE_USER_SCRIPT_SANDBOXING = YES;
				GCC_C_LANGUAGE_STANDARD = gnu17;
				GCC_NO_COMMON_BLOCKS = YES;
				GCC_WARN_64_TO_32_BIT_CONVERSION = YES;
				GCC_WARN_ABOUT_RETURN_TYPE = YES_ERROR;
				GCC_WARN_UNDECLARED_SELECTOR = YES;
				GCC_WARN_UNINITIALIZED_AUTOS = YES_AGGRESSIVE;
				GCC_WARN_UNUSED_FUNCTION = YES;
				GCC_WARN_UNUSED_VARIABLE = YES;
				LOCALIZATION_PREFERS_STRING_CATALOGS = YES;
				MACOSX_DEPLOYMENT_TARGET = 14.0;
				MTL_ENABLE_DEBUG_INFO = NO;
				MTL_FAST_MATH = YES;
				SDKROOT = macosx;
				SWIFT_COMPILATION_MODE = wholemodule;
			};
			name = Release;
		};
		913F0B6B2B7B6262004CC1D3 /* Debug */ = {
			isa = XCBuildConfiguration;
			buildSettings = {
				CODE_SIGN_IDENTITY = "Apple Development";
				CODE_SIGN_STYLE = Automatic;
				DEVELOPMENT_TEAM = ZX49WKA8QN;
				ENABLE_HARDENED_RUNTIME = YES;
				PRODUCT_BUNDLE_IDENTIFIER = mo.com.sleeplessmind.AlfredOnePee;
				PRODUCT_NAME = "$(TARGET_NAME)";
				PROVISIONING_PROFILE_SPECIFIER = "";
				SWIFT_VERSION = 5.0;
			};
			name = Debug;
		};
		913F0B6C2B7B6262004CC1D3 /* Release */ = {
			isa = XCBuildConfiguration;
			buildSettings = {
				CODE_SIGN_IDENTITY = "Apple Development";
				CODE_SIGN_STYLE = Automatic;
				DEVELOPMENT_TEAM = ZX49WKA8QN;
				ENABLE_HARDENED_RUNTIME = YES;
				PRODUCT_BUNDLE_IDENTIFIER = mo.com.sleeplessmind.AlfredOnePee;
				PRODUCT_NAME = "$(TARGET_NAME)";
				PROVISIONING_PROFILE_SPECIFIER = "";
				SWIFT_VERSION = 5.0;
			};
			name = Release;
		};
/* End XCBuildConfiguration section */

/* Begin XCConfigurationList section */
		913F0B5E2B7B6262004CC1D3 /* Build configuration list for PBXProject "AlfredOnePee" */ = {
			isa = XCConfigurationList;
			buildConfigurations = (
				913F0B682B7B6262004CC1D3 /* Debug */,
				913F0B692B7B6262004CC1D3 /* Release */,
			);
			defaultConfigurationIsVisible = 0;
			defaultConfigurationName = Release;
		};
		913F0B6A2B7B6262004CC1D3 /* Build configuration list for PBXNativeTarget "AlfredOnePee" */ = {
			isa = XCConfigurationList;
			buildConfigurations = (
				913F0B6B2B7B6262004CC1D3 /* Debug */,
				913F0B6C2B7B6262004CC1D3 /* Release */,
			);
			defaultConfigurationIsVisible = 0;
			defaultConfigurationName = Release;
		};
/* End XCConfigurationList section */

/* Begin XCRemoteSwiftPackageReference section */
		9135A91A2B8F02FC0015C858 /* XCRemoteSwiftPackageReference "Yams" */ = {
			isa = XCRemoteSwiftPackageReference;
			repositoryURL = "git@github.com:jpsim/Yams.git";
			requirement = {
				kind = upToNextMajorVersion;
				minimumVersion = 5.0.6;
			};
		};
		918DC0572B7B648100C55144 /* XCRemoteSwiftPackageReference "AlfredWorkflowScriptFilter" */ = {
			isa = XCRemoteSwiftPackageReference;
			repositoryURL = "git@github.com:godbout/AlfredWorkflowScriptFilter.git";
			requirement = {
				kind = upToNextMajorVersion;
				minimumVersion = 1.0.0;
			};
		};
/* End XCRemoteSwiftPackageReference section */

/* Begin XCSwiftPackageProductDependency section */
		9135A91B2B8F02FC0015C858 /* Yams */ = {
			isa = XCSwiftPackageProductDependency;
			package = 9135A91A2B8F02FC0015C858 /* XCRemoteSwiftPackageReference "Yams" */;
			productName = Yams;
		};
		918DC0582B7B648100C55144 /* AlfredWorkflowScriptFilter */ = {
			isa = XCSwiftPackageProductDependency;
			package = 918DC0572B7B648100C55144 /* XCRemoteSwiftPackageReference "AlfredWorkflowScriptFilter" */;
			productName = AlfredWorkflowScriptFilter;
		};
/* End XCSwiftPackageProductDependency section */
	};
	rootObject = 913F0B5B2B7B6262004CC1D3 /* Project object */;
}
